
Microsoft Visual Studio Solution File, Format Version 12.00
# Visual Studio Version 16
VisualStudioVersion = 16.0.31613.86
MinimumVisualStudioVersion = 10.0.40219.1
Project("{FAE04EC0-301F-11D3-BF4B-00C04F79EFBC}") = "benju.Common", "benju.Common\benju.Common.csproj", "{DDA27086-F73B-47D1-B004-793994D597DE}"
EndProject
Project("{FAE04EC0-301F-11D3-BF4B-00C04F79EFBC}") = "benju.Functions", "benju.Functions\benju.Functions.csproj", "{8A444862-F844-4F36-BDE7-1FD5F7FCF580}"
EndProject
Project("{FAE04EC0-301F-11D3-BF4B-00C04F79EFBC}") = "benju.tests", "benju.tests\benju.tests.csproj", "{7277B2E2-2905-4CF4-BAF5-179C53E523B3}"
EndProject
Global
	GlobalSection(SolutionConfigurationPlatforms) = preSolution
		Debug|Any CPU = Debug|Any CPU
		Release|Any CPU = Release|Any CPU
	EndGlobalSection
	GlobalSection(ProjectConfigurationPlatforms) = postSolution
		{DDA27086-F73B-47D1-B004-793994D597DE}.Debug|Any CPU.ActiveCfg = Debug|Any CPU
		{DDA27086-F73B-47D1-B004-793994D597DE}.Debug|Any CPU.Build.0 = Debug|Any CPU
		{DDA27086-F73B-47D1-B004-793994D597DE}.Release|Any CPU.ActiveCfg = Release|Any CPU
		{DDA27086-F73B-47D1-B004-793994D597DE}.Release|Any CPU.Build.0 = Release|Any CPU
		{8A444862-F844-4F36-BDE7-1FD5F7FCF580}.Debug|Any CPU.ActiveCfg = Debug|Any CPU
		{8A444862-F844-4F36-BDE7-1FD5F7FCF580}.Debug|Any CPU.Build.0 = Debug|Any CPU
		{8A444862-F844-4F36-BDE7-1FD5F7FCF580}.Release|Any CPU.ActiveCfg = Release|Any CPU
		{8A444862-F844-4F36-BDE7-1FD5F7FCF580}.Release|Any CPU.Build.0 = Release|Any CPU
		{7277B2E2-2905-4CF4-BAF5-179C53E523B3}.Debug|Any CPU.ActiveCfg = Debug|Any CPU
		{7277B2E2-2905-4CF4-BAF5-179C53E523B3}.Debug|Any CPU.Build.0 = Debug|Any CPU
		{7277B2E2-2905-4CF4-BAF5-179C53E523B3}.Release|Any CPU.ActiveCfg = Release|Any CPU
		{7277B2E2-2905-4CF4-BAF5-179C53E523B3}.Release|Any CPU.Build.0 = Release|Any CPU
	EndGlobalSection
	GlobalSection(SolutionProperties) = preSolution
		HideSolutionNode = FALSE
	EndGlobalSection
	GlobalSection(ExtensibilityGlobals) = postSolution
		SolutionGuid = {D9F9152B-A67A-45DE-9706-D9ADAA458A56}
	EndGlobalSection
EndGlobal
